// !$*UTF8*$!
{
	archiveVersion = 1;
	classes = {
	};
	objectVersion = 56;
	objects = {

/* Begin PBXBuildFile section */
		AB0000000000000000000007 /* PerfReplayTests.swift in Sources */ = {isa = PBXBuildFile; fileRef = AB0000000000000000000005 /* PerfReplayTests.swift */; };
/* End PBXBuildFile section */

/* Begin PBXFileReference section */
		AB0000000000000000000005 /* PerfReplayTests.swift */ = {isa = PBXFileReference; lastKnownFileType = sourcecode.swift; path = PerfReplayTests.swift; sourceTree = "<group>"; };
		AB0000000000000000000006 /* PerfReplay.xctest */ = {isa = PBXFileReference; explicitFileType = wrapper.cfbundle; includeInIndex = 0; path = PerfReplay.xctest; sourceTree = BUILT_PRODUCTS_DIR; };
/* End PBXFileReference section */

/* Begin PBXFrameworksBuildPhase section */
		AB0000000000000000000009 /* Frameworks */ = {
			isa = PBXFrameworksBuildPhase;
			buildActionMask = 2147483647;
			files = (
			);
			runOnlyForDeploymentPostprocessing = 0;
		};
/* End PBXFrameworksBuildPhase section */

/* Begin PBXGroup section */
		AB0000000000000000000002 = {
			isa = PBXGroup;
			children = (
				AB0000000000000000000003 /* PerfReplay */,
				AB0000000000000000000004 /* Products */,
			);
			sourceTree = "<group>";
		};
		AB0000000000000000000003 /* PerfReplay */ = {
			isa = PBXGroup;
			children = (
				AB0000000000000000000005 /* PerfReplayTests.swift */,
			);
			path = PerfReplay;
			sourceTree = "<group>";
		};
		AB0000000000000000000004 /* Products */ = {
			isa = PBXGroup;
			children = (
				AB0000000000000000000006 /* PerfReplay.xctest */,
			);
			name = Products;
			sourceTree = "<group>";
		};
/* End PBXGroup section */

/* Begin PBXNativeTarget section */
		AB000000000000000000000A /* PerfReplay */ = {
			isa = PBXNativeTarget;
			buildConfigurationList = AB000000000000000000000B /* Build configuration list for PBXNativeTarget "PerfReplay" */;
			buildPhases = (
				AB0000000000000000000008 /* Sources */,
				AB0000000000000000000009 /* Frameworks */,
			);
			buildRules = (
			);
			dependencies = (
			);
			name = PerfReplay;
			productName = PerfReplay;
			productReference = AB0000000000000000000006 /* PerfReplay.xctest */;
			productType = "com.apple.product-type.bundle.ui-testing";
		};
/* End PBXNativeTarget section */

/* Begin PBXProject section */
		AB0000000000000000000001 /* Project object */ = {
			isa = PBXProject;
			attributes = {
				BuildIndependentTargetsInParallel = 1;
				LastUpgradeCheck = 1600;
			};
			buildConfigurationList = AB000000000000000000000D /* Build configuration list for PBXProject "PerfReplay" */;
			compatibilityVersion = "Xcode 14.0";
			developmentRegion = en;
			hasScannedForEncodings = 0;
			knownRegions = (
				en,
				Base,
			);
			mainGroup = AB0000000000000000000002;
			productRefGroup = AB0000000000000000000004 /* Products */;
			projectDirPath = "";
			projectRoot = "";
			targets = (
				AB000000000000000000000A /* PerfReplay */,
			);
		};
/* End PBXProject section */

/* Begin PBXSourcesBuildPhase section */
		AB0000000000000000000008 /* Sources */ = {
			isa = PBXSourcesBuildPhase;
			buildActionMask = 2147483647;
			files = (
				AB0000000000000000000007 /* PerfReplayTests.swift in Sources */,
			);
			runOnlyForDeploymentPostprocessing = 0;
		};
/* End PBXSourcesBuildPhase section */

/* Begin XCBuildConfiguration section */
		AB000000000000000000000C /* Release */ = {
			isa = XCBuildConfiguration;
			buildSettings = {
				CODE_SIGN_STYLE = Automatic;
				CURRENT_PROJECT_VERSION = 1;
				GENERATE_INFOPLIST_FILE = YES;
				MARKETING_VERSION = 1.0;
				PRODUCT_BUNDLE_IDENTIFIER = dev.perftool.replay;
				PRODUCT_NAME = "$(TARGET_NAME)";
				SUPPORTED_PLATFORMS = "iphoneos iphonesimulator";
				SWIFT_VERSION = 5.0;
				TARGETED_DEVICE_FAMILY = "1,2";
			};
			name = Release;
		};
		AB000000000000000000000E /* Release */ = {
			isa = XCBuildConfiguration;
			buildSettings = {
				CLANG_ENABLE_MODULES = YES;
				IPHONEOS_DEPLOYMENT_TARGET = 15.0;
				SDKROOT = iphoneos;
				SWIFT_COMPILATION_MODE = wholemodule;
				SWIFT_OPTIMIZATION_LEVEL = "-O";
				VALIDATE_PRODUCT = YES;
			};
			name = Release;
		};
/* End XCBuildConfiguration section */

/* Begin XCConfigurationList section */
		AB000000000000000000000B /* Build configuration list for PBXNativeTarget "PerfReplay" */ = {
			isa = XCConfigurationList;
			buildConfigurations = (
				AB000000000000000000000C /* Release */,
			);
			defaultConfigurationIsVisible = 0;
			defaultConfigurationName = Release;
		};
		AB000000000000000000000D /* Build configuration list for PBXProject "PerfReplay" */ = {
			isa = XCConfigurationList;
			buildConfigurations = (
				AB000000000000000000000E /* Release */,
			);
			defaultConfigurationIsVisible = 0;
			defaultConfigurationName = Release;
		};
/* End XCConfigurationList section */
	};
	rootObject = AB0000000000000000000001 /* Project object */;
}
