<?xml version="1.0" encoding="UTF-8"?>
<Scheme LastUpgradeVersion = "1600" version = "1.7">
   <BuildAction parallelizeBuildables = "YES" buildImplicitDependencies = "YES">
      <BuildActionEntries>
         <BuildActionEntry buildForTesting = "YES" buildForRunning = "NO" buildForProfiling = "NO" buildForArchiving = "NO" buildForAnalyzing = "NO">
            <BuildableReference BuildableIdentifier = "primary" BlueprintIdentifier = "AB000000000000000000000A" BuildableName = "PerfReplay.xctest" BlueprintName = "PerfReplay" ReferencedContainer = "container:PerfReplay.xcodeproj">
            </BuildableReference>
         </BuildActionEntry>
      </BuildActionEntries>
   </BuildAction>
   <TestAction buildConfiguration = "Release" selectedDebuggerIdentifier = "" selectedLauncherIdentifier = "Xcode.IDEFoundation.Launcher.PosixSpawn" shouldUseLaunchSchemeArgsEnv = "YES">
      <Testables>
         <TestableReference skipped = "NO">
            <BuildableReference BuildableIdentifier = "primary" BlueprintIdentifier = "AB000000000000000000000A" BuildableName = "PerfReplay.xctest" BlueprintName = "PerfReplay" ReferencedContainer = "container:PerfReplay.xcodeproj">
            </BuildableReference>
         </TestableReference>
      </Testables>
   </TestAction>
   <LaunchAction buildConfiguration = "Release" selectedDebuggerIdentifier = "" selectedLauncherIdentifier = "Xcode.IDEFoundation.Launcher.PosixSpawn" launchStyle = "0" useCustomWorkingDirectory = "NO" ignoresPersistentStateOnLaunch = "NO" debugDocumentVersioning = "YES" allowLocationSimulation = "YES">
   </LaunchAction>
</Scheme>
